
Microsoft Visual Studio Solution File, Format Version 12.00
# Visual Studio Version 17
VisualStudioVersion = 17.9.34728.123
MinimumVisualStudioVersion = 10.0.40219.1
Project("{9A19103F-16F7-4668-BE54-9A1E7A4F7556}") = "WebApi", "src\WebApi\WebApi.csproj", "{C400B68F-A9E4-42DC-90FB-076B238AB0D7}"
EndProject
Project("{2150E333-8FDC-42A3-9474-1A3956D46DE8}") = "src", "src", "{149CECDE-2238-43E1-884D-CA7F1A10C5BB}"
EndProject
Project("{2150E333-8FDC-42A3-9474-1A3956D46DE8}") = "Solution Items", "Solution Items", "{596AF6C3-9877-4073-AF9A-1EE56683FA81}"
	ProjectSection(SolutionItems) = preProject
		React-dev.md = React-dev.md
		README.md = README.md
	EndProjectSection
EndProject
Project("{2150E333-8FDC-42A3-9474-1A3956D46DE8}") = "tests", "tests", "{4364132A-D9CC-4232-9E92-16795535A656}"
EndProject
Global
	GlobalSection(SolutionConfigurationPlatforms) = preSolution
		Debug|Any CPU = Debug|Any CPU
		Release|Any CPU = Release|Any CPU
	EndGlobalSection
	GlobalSection(ProjectConfigurationPlatforms) = postSolution
		{C400B68F-A9E4-42DC-90FB-076B238AB0D7}.Debug|Any CPU.ActiveCfg = Debug|Any CPU
		{C400B68F-A9E4-42DC-90FB-076B238AB0D7}.Debug|Any CPU.Build.0 = Debug|Any CPU
		{C400B68F-A9E4-42DC-90FB-076B238AB0D7}.Release|Any CPU.ActiveCfg = Release|Any CPU
		{C400B68F-A9E4-42DC-90FB-076B238AB0D7}.Release|Any CPU.Build.0 = Release|Any CPU
	EndGlobalSection
	GlobalSection(SolutionProperties) = preSolution
		HideSolutionNode = FALSE
	EndGlobalSection
	GlobalSection(NestedProjects) = preSolution
		{C400B68F-A9E4-42DC-90FB-076B238AB0D7} = {149CECDE-2238-43E1-884D-CA7F1A10C5BB}
	EndGlobalSection
	GlobalSection(ExtensibilityGlobals) = postSolution
		SolutionGuid = {25D543A9-7446-4A45-832F-5C492FA3AC9F}
	EndGlobalSection
EndGlobal
