
Microsoft Visual Studio Solution File, Format Version 12.00
# Visual Studio Version 17
VisualStudioVersion = 17.9.34728.123
MinimumVisualStudioVersion = 10.0.40219.1
Project("{2150E333-8FDC-42A3-9474-1A3956D46DE8}") = "src", "src", "{FBB4C2C9-A254-4F53-BCE8-A9E4583B2B74}"
EndProject
Project("{FAE04EC0-301F-11D3-BF4B-00C04F79EFBC}") = "WebApi", "..\src\WebApi\WebApi.csproj", "{22367292-35A1-465F-9351-E0DBADE966E5}"
EndProject
Global
	GlobalSection(SolutionConfigurationPlatforms) = preSolution
		Debug|Any CPU = Debug|Any CPU
		Release|Any CPU = Release|Any CPU
	EndGlobalSection
	GlobalSection(ProjectConfigurationPlatforms) = postSolution
		{22367292-35A1-465F-9351-E0DBADE966E5}.Debug|Any CPU.ActiveCfg = Debug|Any CPU
		{22367292-35A1-465F-9351-E0DBADE966E5}.Debug|Any CPU.Build.0 = Debug|Any CPU
		{22367292-35A1-465F-9351-E0DBADE966E5}.Release|Any CPU.ActiveCfg = Release|Any CPU
		{22367292-35A1-465F-9351-E0DBADE966E5}.Release|Any CPU.Build.0 = Release|Any CPU
	EndGlobalSection
	GlobalSection(SolutionProperties) = preSolution
		HideSolutionNode = FALSE
	EndGlobalSection
	GlobalSection(NestedProjects) = preSolution
		{22367292-35A1-465F-9351-E0DBADE966E5} = {FBB4C2C9-A254-4F53-BCE8-A9E4583B2B74}
	EndGlobalSection
	GlobalSection(ExtensibilityGlobals) = postSolution
		SolutionGuid = {520C529C-EEFA-429A-9301-FCEA5D974F69}
	EndGlobalSection
EndGlobal
